# This file is automatically @generated by Poetry 1.4.0 and should not be changed by hand.

[[package]]
name = "substrateinterface"
version = "1.0.0"
description = "Library for interfacing with a Substrate node"
category = "main"
optional = false
python-versions = ">=3.6, <4"
files = [
    {file = "substrateinterface-1.0.0-py3-none-any.whl", hash = "sha256:1998ddf51a2396aeedc0761e186bd23b252582ae85d437f83f12d1f898a3188c"},
    {file = "substrateinterface-1.0.0.tar.gz", hash = "sha256:4a680528a7fcbea0632dfa2147a74029056c337466dd0803815955ece454634b"},
]

[package.extras]
test = ["coverage", "pytest"]

[metadata]
lock-version = "2.0"
python-versions = "^3.10"
content-hash = "bcce2c10e2fbd6cf309e8bc0e345592b6efe389a661f4315af71a81492570f5c"
